
Microsoft Visual Studio Solution File, Format Version 12.00
# Visual Studio Version 16
VisualStudioVersion = 16.0.29215.179
MinimumVisualStudioVersion = 10.0.40219.1
Project("{FAE04EC0-301F-11D3-BF4B-00C04F79EFBC}") = "UniversalisPlugin", "UniversalisPlugin\UniversalisPlugin.csproj", "{1749AF3B-F485-4EA5-9F25-6C8805501A02}"
EndProject
Project("{FAE04EC0-301F-11D3-BF4B-00C04F79EFBC}") = "UniversalisCommon", "UniversalisCommon\UniversalisCommon.csproj", "{A9BEC0D6-462C-458A-A42A-E0440E3552AA}"
EndProject
Project("{FAE04EC0-301F-11D3-BF4B-00C04F79EFBC}") = "UniversalisStandaloneUploader", "UniversalisStandaloneUploader\UniversalisStandaloneUploader.csproj", "{39648E81-D236-4EF5-94DD-B18F136846BC}"
EndProject
Global
	GlobalSection(SolutionConfigurationPlatforms) = preSolution
		Debug|Any CPU = Debug|Any CPU
		Debug|x64 = Debug|x64
		Release|Any CPU = Release|Any CPU
		Release|x64 = Release|x64
	EndGlobalSection
	GlobalSection(ProjectConfigurationPlatforms) = postSolution
		{1749AF3B-F485-4EA5-9F25-6C8805501A02}.Debug|Any CPU.ActiveCfg = Debug|Any CPU
		{1749AF3B-F485-4EA5-9F25-6C8805501A02}.Debug|Any CPU.Build.0 = Debug|Any CPU
		{1749AF3B-F485-4EA5-9F25-6C8805501A02}.Debug|x64.ActiveCfg = Debug|Any CPU
		{1749AF3B-F485-4EA5-9F25-6C8805501A02}.Debug|x64.Build.0 = Debug|Any CPU
		{1749AF3B-F485-4EA5-9F25-6C8805501A02}.Release|Any CPU.ActiveCfg = Release|Any CPU
		{1749AF3B-F485-4EA5-9F25-6C8805501A02}.Release|Any CPU.Build.0 = Release|Any CPU
		{1749AF3B-F485-4EA5-9F25-6C8805501A02}.Release|x64.ActiveCfg = Release|Any CPU
		{1749AF3B-F485-4EA5-9F25-6C8805501A02}.Release|x64.Build.0 = Release|Any CPU
		{A9BEC0D6-462C-458A-A42A-E0440E3552AA}.Debug|Any CPU.ActiveCfg = Debug|Any CPU
		{A9BEC0D6-462C-458A-A42A-E0440E3552AA}.Debug|Any CPU.Build.0 = Debug|Any CPU
		{A9BEC0D6-462C-458A-A42A-E0440E3552AA}.Debug|x64.ActiveCfg = Debug|Any CPU
		{A9BEC0D6-462C-458A-A42A-E0440E3552AA}.Debug|x64.Build.0 = Debug|Any CPU
		{A9BEC0D6-462C-458A-A42A-E0440E3552AA}.Release|Any CPU.ActiveCfg = Release|Any CPU
		{A9BEC0D6-462C-458A-A42A-E0440E3552AA}.Release|Any CPU.Build.0 = Release|Any CPU
		{A9BEC0D6-462C-458A-A42A-E0440E3552AA}.Release|x64.ActiveCfg = Release|Any CPU
		{A9BEC0D6-462C-458A-A42A-E0440E3552AA}.Release|x64.Build.0 = Release|Any CPU
		{39648E81-D236-4EF5-94DD-B18F136846BC}.Debug|Any CPU.ActiveCfg = Debug|Any CPU
		{39648E81-D236-4EF5-94DD-B18F136846BC}.Debug|Any CPU.Build.0 = Debug|Any CPU
		{39648E81-D236-4EF5-94DD-B18F136846BC}.Debug|x64.ActiveCfg = Debug|Any CPU
		{39648E81-D236-4EF5-94DD-B18F136846BC}.Debug|x64.Build.0 = Debug|Any CPU
		{39648E81-D236-4EF5-94DD-B18F136846BC}.Release|Any CPU.ActiveCfg = Release|Any CPU
		{39648E81-D236-4EF5-94DD-B18F136846BC}.Release|Any CPU.Build.0 = Release|Any CPU
		{39648E81-D236-4EF5-94DD-B18F136846BC}.Release|x64.ActiveCfg = Release|Any CPU
		{39648E81-D236-4EF5-94DD-B18F136846BC}.Release|x64.Build.0 = Release|Any CPU
	EndGlobalSection
	GlobalSection(SolutionProperties) = preSolution
		HideSolutionNode = FALSE
	EndGlobalSection
	GlobalSection(ExtensibilityGlobals) = postSolution
		SolutionGuid = {5D60B07A-E6EB-43D5-9BB6-EC65D5ECB732}
	EndGlobalSection
EndGlobal
