
Microsoft Visual Studio Solution File, Format Version 12.00
# Visual Studio Version 16
VisualStudioVersion = 16.0.29215.179
MinimumVisualStudioVersion = 10.0.40219.1
Project("{FAE04EC0-301F-11D3-BF4B-00C04F79EFBC}") = "UniversalisPlugin", "UniversalisPlugin\UniversalisPlugin.csproj", "{1749AF3B-F485-4EA5-9F25-6C8805501A02}"
EndProject
Project("{9A19103F-16F7-4668-BE54-9A1E7A4F7556}") = "UniversalisCommon", "UniversalisCommon\UniversalisCommon.csproj", "{A9BEC0D6-462C-458A-A42A-E0440E3552AA}"
EndProject
Project("{9A19103F-16F7-4668-BE54-9A1E7A4F7556}") = "UniversalisStandaloneUploader", "UniversalisStandaloneUploader\UniversalisStandaloneUploader.csproj", "{39648E81-D236-4EF5-94DD-B18F136846BC}"
EndProject
Project("{2150E333-8FDC-42A3-9474-1A3956D46DE8}") = "GitHub", "GitHub", "{06503FA7-6DAC-41BC-96DC-F2BBC25865B1}"
	ProjectSection(SolutionItems) = preProject
		.gitignore = .gitignore
		LICENSE = LICENSE
		README.md = README.md
	EndProjectSection
EndProject
Project("{2150E333-8FDC-42A3-9474-1A3956D46DE8}") = "Remote", "Remote", "{13EAA502-DAC6-43DA-8207-3260ECCDF8F7}"
	ProjectSection(SolutionItems) = preProject
		definitions.json = definitions.json
		version = version
	EndProjectSection
EndProject
Project("{FAE04EC0-301F-11D3-BF4B-00C04F79EFBC}") = "Machina", "machina\Machina\Machina.csproj", "{317B0529-E00A-4EEF-8AC0-ED880CDAFC88}"
EndProject
Project("{FAE04EC0-301F-11D3-BF4B-00C04F79EFBC}") = "Machina.FFXIV", "machina\Machina.FFXIV\Machina.FFXIV.csproj", "{A0DC7461-0787-4D1A-A76F-8331381D4C0C}"
EndProject
Global
	GlobalSection(SolutionConfigurationPlatforms) = preSolution
		Debug|Any CPU = Debug|Any CPU
		Debug|x64 = Debug|x64
		Release|Any CPU = Release|Any CPU
		Release|x64 = Release|x64
	EndGlobalSection
	GlobalSection(ProjectConfigurationPlatforms) = postSolution
		{1749AF3B-F485-4EA5-9F25-6C8805501A02}.Debug|Any CPU.ActiveCfg = Debug|Any CPU
		{1749AF3B-F485-4EA5-9F25-6C8805501A02}.Debug|Any CPU.Build.0 = Debug|Any CPU
		{1749AF3B-F485-4EA5-9F25-6C8805501A02}.Debug|x64.ActiveCfg = Debug|Any CPU
		{1749AF3B-F485-4EA5-9F25-6C8805501A02}.Debug|x64.Build.0 = Debug|Any CPU
		{1749AF3B-F485-4EA5-9F25-6C8805501A02}.Release|Any CPU.ActiveCfg = Release|Any CPU
		{1749AF3B-F485-4EA5-9F25-6C8805501A02}.Release|Any CPU.Build.0 = Release|Any CPU
		{1749AF3B-F485-4EA5-9F25-6C8805501A02}.Release|x64.ActiveCfg = Release|Any CPU
		{1749AF3B-F485-4EA5-9F25-6C8805501A02}.Release|x64.Build.0 = Release|Any CPU
		{A9BEC0D6-462C-458A-A42A-E0440E3552AA}.Debug|Any CPU.ActiveCfg = Debug|Any CPU
		{A9BEC0D6-462C-458A-A42A-E0440E3552AA}.Debug|Any CPU.Build.0 = Debug|Any CPU
		{A9BEC0D6-462C-458A-A42A-E0440E3552AA}.Debug|x64.ActiveCfg = Debug|Any CPU
		{A9BEC0D6-462C-458A-A42A-E0440E3552AA}.Debug|x64.Build.0 = Debug|Any CPU
		{A9BEC0D6-462C-458A-A42A-E0440E3552AA}.Release|Any CPU.ActiveCfg = Release|Any CPU
		{A9BEC0D6-462C-458A-A42A-E0440E3552AA}.Release|Any CPU.Build.0 = Release|Any CPU
		{A9BEC0D6-462C-458A-A42A-E0440E3552AA}.Release|x64.ActiveCfg = Release|Any CPU
		{A9BEC0D6-462C-458A-A42A-E0440E3552AA}.Release|x64.Build.0 = Release|Any CPU
		{39648E81-D236-4EF5-94DD-B18F136846BC}.Debug|Any CPU.ActiveCfg = Debug|Any CPU
		{39648E81-D236-4EF5-94DD-B18F136846BC}.Debug|Any CPU.Build.0 = Debug|Any CPU
		{39648E81-D236-4EF5-94DD-B18F136846BC}.Debug|x64.ActiveCfg = Debug|Any CPU
		{39648E81-D236-4EF5-94DD-B18F136846BC}.Debug|x64.Build.0 = Debug|Any CPU
		{39648E81-D236-4EF5-94DD-B18F136846BC}.Release|Any CPU.ActiveCfg = Release|Any CPU
		{39648E81-D236-4EF5-94DD-B18F136846BC}.Release|Any CPU.Build.0 = Release|Any CPU
		{39648E81-D236-4EF5-94DD-B18F136846BC}.Release|x64.ActiveCfg = Release|Any CPU
		{39648E81-D236-4EF5-94DD-B18F136846BC}.Release|x64.Build.0 = Release|Any CPU
		{317B0529-E00A-4EEF-8AC0-ED880CDAFC88}.Debug|Any CPU.ActiveCfg = Debug|Any CPU
		{317B0529-E00A-4EEF-8AC0-ED880CDAFC88}.Debug|Any CPU.Build.0 = Debug|Any CPU
		{317B0529-E00A-4EEF-8AC0-ED880CDAFC88}.Debug|x64.ActiveCfg = Debug|Any CPU
		{317B0529-E00A-4EEF-8AC0-ED880CDAFC88}.Debug|x64.Build.0 = Debug|Any CPU
		{317B0529-E00A-4EEF-8AC0-ED880CDAFC88}.Release|Any CPU.ActiveCfg = Release|Any CPU
		{317B0529-E00A-4EEF-8AC0-ED880CDAFC88}.Release|Any CPU.Build.0 = Release|Any CPU
		{317B0529-E00A-4EEF-8AC0-ED880CDAFC88}.Release|x64.ActiveCfg = Release|Any CPU
		{317B0529-E00A-4EEF-8AC0-ED880CDAFC88}.Release|x64.Build.0 = Release|Any CPU
		{A0DC7461-0787-4D1A-A76F-8331381D4C0C}.Debug|Any CPU.ActiveCfg = Debug|Any CPU
		{A0DC7461-0787-4D1A-A76F-8331381D4C0C}.Debug|Any CPU.Build.0 = Debug|Any CPU
		{A0DC7461-0787-4D1A-A76F-8331381D4C0C}.Debug|x64.ActiveCfg = Debug|Any CPU
		{A0DC7461-0787-4D1A-A76F-8331381D4C0C}.Debug|x64.Build.0 = Debug|Any CPU
		{A0DC7461-0787-4D1A-A76F-8331381D4C0C}.Release|Any CPU.ActiveCfg = Release|Any CPU
		{A0DC7461-0787-4D1A-A76F-8331381D4C0C}.Release|Any CPU.Build.0 = Release|Any CPU
		{A0DC7461-0787-4D1A-A76F-8331381D4C0C}.Release|x64.ActiveCfg = Release|Any CPU
		{A0DC7461-0787-4D1A-A76F-8331381D4C0C}.Release|x64.Build.0 = Release|Any CPU
	EndGlobalSection
	GlobalSection(SolutionProperties) = preSolution
		HideSolutionNode = FALSE
	EndGlobalSection
	GlobalSection(ExtensibilityGlobals) = postSolution
		SolutionGuid = {5D60B07A-E6EB-43D5-9BB6-EC65D5ECB732}
	EndGlobalSection
EndGlobal
